
Microsoft Visual Studio Solution File, Format Version 12.00
# Visual Studio Version 16
VisualStudioVersion = 16.0.28803.156
MinimumVisualStudioVersion = 10.0.40219.1
Project("{FAE04EC0-301F-11D3-BF4B-00C04F79EFBC}") = "MassTargetFramework", "MassTargetFramework\MassTargetFramework.csproj", "{0EC75832-9FDF-45BF-AE3C-276844C07C3D}"
EndProject
Global
	GlobalSection(SolutionConfigurationPlatforms) = preSolution
		Debug|Any CPU = Debug|Any CPU
		Release|Any CPU = Release|Any CPU
	EndGlobalSection
	GlobalSection(ProjectConfigurationPlatforms) = postSolution
		{0EC75832-9FDF-45BF-AE3C-276844C07C3D}.Debug|Any CPU.ActiveCfg = Debug|Any CPU
		{0EC75832-9FDF-45BF-AE3C-276844C07C3D}.Debug|Any CPU.Build.0 = Debug|Any CPU
		{0EC75832-9FDF-45BF-AE3C-276844C07C3D}.Release|Any CPU.ActiveCfg = Release|Any CPU
		{0EC75832-9FDF-45BF-AE3C-276844C07C3D}.Release|Any CPU.Build.0 = Release|Any CPU
	EndGlobalSection
	GlobalSection(SolutionProperties) = preSolution
		HideSolutionNode = FALSE
	EndGlobalSection
	GlobalSection(ExtensibilityGlobals) = postSolution
		SolutionGuid = {E5DA65A6-74E1-4FA1-9A37-68A3FB644ED3}
	EndGlobalSection
EndGlobal
